
Microsoft Visual Studio Solution File, Format Version 12.00
# Visual Studio 2012
Project("{8BC9CEB8-8B4A-11D0-8D11-00A0C91BC942}") = "GraphicsEngine", "GraphicsEngine\GraphicsEngine.vcxproj", "{4D374073-DD90-4127-B2E4-6D01FFC76AB4}"
EndProject
Project("{8BC9CEB8-8B4A-11D0-8D11-00A0C91BC942}") = "GameClient", "GameClient\GameClient.vcxproj", "{8944B2CB-FB59-4718-B03A-2D3C7AC1B22C}"
EndProject
Project("{8BC9CEB8-8B4A-11D0-8D11-00A0C91BC942}") = "GameServer", "GameServer\GameServer.vcxproj", "{EAA95C27-EA4E-41E7-9E14-B6C0C23514AD}"
EndProject
Global
	GlobalSection(SolutionConfigurationPlatforms) = preSolution
		Debug|Win32 = Debug|Win32
		Release|Win32 = Release|Win32
	EndGlobalSection
	GlobalSection(ProjectConfigurationPlatforms) = postSolution
		{4D374073-DD90-4127-B2E4-6D01FFC76AB4}.Debug|Win32.ActiveCfg = Debug|Win32
		{4D374073-DD90-4127-B2E4-6D01FFC76AB4}.Debug|Win32.Build.0 = Debug|Win32
		{4D374073-DD90-4127-B2E4-6D01FFC76AB4}.Release|Win32.ActiveCfg = Release|Win32
		{4D374073-DD90-4127-B2E4-6D01FFC76AB4}.Release|Win32.Build.0 = Release|Win32
		{8944B2CB-FB59-4718-B03A-2D3C7AC1B22C}.Debug|Win32.ActiveCfg = Debug|Win32
		{8944B2CB-FB59-4718-B03A-2D3C7AC1B22C}.Debug|Win32.Build.0 = Debug|Win32
		{8944B2CB-FB59-4718-B03A-2D3C7AC1B22C}.Release|Win32.ActiveCfg = Release|Win32
		{8944B2CB-FB59-4718-B03A-2D3C7AC1B22C}.Release|Win32.Build.0 = Release|Win32
		{EAA95C27-EA4E-41E7-9E14-B6C0C23514AD}.Debug|Win32.ActiveCfg = Debug|Win32
		{EAA95C27-EA4E-41E7-9E14-B6C0C23514AD}.Debug|Win32.Build.0 = Debug|Win32
		{EAA95C27-EA4E-41E7-9E14-B6C0C23514AD}.Release|Win32.ActiveCfg = Release|Win32
		{EAA95C27-EA4E-41E7-9E14-B6C0C23514AD}.Release|Win32.Build.0 = Release|Win32
	EndGlobalSection
	GlobalSection(SolutionProperties) = preSolution
		HideSolutionNode = FALSE
	EndGlobalSection
EndGlobal
