<?xml version="1.0" encoding="utf-8"?>
<Project ToolsVersion="4.0" xmlns="http://schemas.microsoft.com/developer/msbuild/2003">
  <ItemGroup>
    <Filter Include="Source Files">
      <UniqueIdentifier>{4FC737F1-C7A5-4376-A066-2A32D752A2FF}</UniqueIdentifier>
      <Extensions>cpp;c;cc;cxx;def;odl;idl;hpj;bat;asm;asmx</Extensions>
    </Filter>
    <Filter Include="Header Files">
      <UniqueIdentifier>{93995380-89BD-4b04-88EB-625FBE52EBFB}</UniqueIdentifier>
      <Extensions>h;hpp;hxx;hm;inl;inc;xsd</Extensions>
    </Filter>
    <Filter Include="Resource Files">
      <UniqueIdentifier>{67DA6AB6-F800-4c08-8B7A-83BB121AAD01}</UniqueIdentifier>
      <Extensions>rc;ico;cur;bmp;dlg;rc2;rct;bin;rgs;gif;jpg;jpeg;jpe;resx;tiff;tif;png;wav;mfcribbon-ms</Extensions>
    </Filter>
    <Filter Include="Shader files">
      <UniqueIdentifier>{6bff85c8-c989-43d5-a10b-2941c2de9c32}</UniqueIdentifier>
    </Filter>
    <Filter Include="QuadTree">
      <UniqueIdentifier>{80b91d78-1707-4c06-963c-35ae1e92356a}</UniqueIdentifier>
    </Filter>
    <Filter Include="Terrain">
      <UniqueIdentifier>{ab402ac7-ae17-450b-a8cb-9082d5817a71}</UniqueIdentifier>
    </Filter>
    <Filter Include="Road">
      <UniqueIdentifier>{7cdf0a2b-0938-4309-a6c0-44f85c99b1af}</UniqueIdentifier>
    </Filter>
    <Filter Include="Light">
      <UniqueIdentifier>{08d6d08d-12cf-4370-8d28-556c09166c22}</UniqueIdentifier>
    </Filter>
    <Filter Include="Text">
      <UniqueIdentifier>{cc9ad434-5a01-4619-8772-44ba467a5796}</UniqueIdentifier>
    </Filter>
    <Filter Include="Shader files\ParticleBehavior">
      <UniqueIdentifier>{97800d01-2d62-47b9-8391-7a8fff6ff282}</UniqueIdentifier>
    </Filter>
  </ItemGroup>
  <ItemGroup>
    <ClInclude Include="GraphicsHandler.h">
      <Filter>Header Files</Filter>
    </ClInclude>
    <ClInclude Include="stdafx.h">
      <Filter>Header Files</Filter>
    </ClInclude>
    <ClInclude Include="Model.h">
      <Filter>Header Files</Filter>
    </ClInclude>
    <ClInclude Include="Camera.h">
      <Filter>Header Files</Filter>
    </ClInclude>
    <ClInclude Include="EffectFile.h">
      <Filter>Header Files</Filter>
    </ClInclude>
    <ClInclude Include="DeviceHandler.h">
      <Filter>Header Files</Filter>
    </ClInclude>
    <ClInclude Include="ResourceHolder.h">
      <Filter>Header Files</Filter>
    </ClInclude>
    <ClInclude Include="Mesh.h">
      <Filter>Header Files</Filter>
    </ClInclude>
    <ClInclude Include="MeshImporter.h">
      <Filter>Header Files</Filter>
    </ClInclude>
    <ClInclude Include="TextureHolder.h">
      <Filter>Header Files</Filter>
    </ClInclude>
    <ClInclude Include="VertexStructs.h">
      <Filter>Header Files</Filter>
    </ClInclude>
    <ClInclude Include="ForwardRenderingEffectFile.h">
      <Filter>Header Files</Filter>
    </ClInclude>
    <ClInclude Include="ConfigFile.h">
      <Filter>Header Files</Filter>
    </ClInclude>
    <ClInclude Include="DepthStencil.h">
      <Filter>Header Files</Filter>
    </ClInclude>
    <ClInclude Include="RenderTarget.h">
      <Filter>Header Files</Filter>
    </ClInclude>
    <ClInclude Include="World.h">
      <Filter>Header Files</Filter>
    </ClInclude>
    <ClInclude Include="Sprite.h">
      <Filter>Header Files</Filter>
    </ClInclude>
    <ClInclude Include="DeferredRenderingEffectFile.h">
      <Filter>Header Files</Filter>
    </ClInclude>
    <ClInclude Include="DeferredSamplerEffectFile.h">
      <Filter>Header Files</Filter>
    </ClInclude>
    <ClInclude Include="FullScreenPlane.h">
      <Filter>Header Files</Filter>
    </ClInclude>
    <ClInclude Include="SpriteEffectFile.h">
      <Filter>Header Files</Filter>
    </ClInclude>
    <ClInclude Include="QuadTree.h">
      <Filter>QuadTree</Filter>
    </ClInclude>
    <ClInclude Include="QuadTreeNode.h">
      <Filter>QuadTree</Filter>
    </ClInclude>
    <ClInclude Include="SpriteSheet.h">
      <Filter>Header Files</Filter>
    </ClInclude>
    <ClInclude Include="SpriteBase.h">
      <Filter>Header Files</Filter>
    </ClInclude>
    <ClInclude Include="SubMesh.h">
      <Filter>Header Files</Filter>
    </ClInclude>
    <ClInclude Include="Road.h">
      <Filter>Road</Filter>
    </ClInclude>
    <ClInclude Include="DirectionalLight.h">
      <Filter>Light</Filter>
    </ClInclude>
    <ClInclude Include="PointLight.h">
      <Filter>Light</Filter>
    </ClInclude>
    <ClInclude Include="SpotLight.h">
      <Filter>Light</Filter>
    </ClInclude>
    <ClInclude Include="FishStructs.h">
      <Filter>Header Files</Filter>
    </ClInclude>
    <ClInclude Include="AnimationHolder.h">
      <Filter>Header Files</Filter>
    </ClInclude>
    <ClInclude Include="Animation.h">
      <Filter>Header Files</Filter>
    </ClInclude>
    <ClInclude Include="TexturePack.h">
      <Filter>Header Files</Filter>
    </ClInclude>
    <ClInclude Include="DataStructures.h">
      <Filter>Header Files</Filter>
    </ClInclude>
    <ClInclude Include="MyText.h">
      <Filter>Text</Filter>
    </ClInclude>
    <ClInclude Include="MyTextOffsets.h">
      <Filter>Text</Filter>
    </ClInclude>
    <ClInclude Include="Text.h">
      <Filter>Text</Filter>
    </ClInclude>
    <ClInclude Include="Terrain.h">
      <Filter>Terrain</Filter>
    </ClInclude>
    <ClInclude Include="ParticleEngine.h">
      <Filter>Header Files</Filter>
    </ClInclude>
    <ClInclude Include="Particle.h">
      <Filter>Header Files</Filter>
    </ClInclude>
    <ClInclude Include="GlowRenderingEffectFile.h">
      <Filter>Header Files</Filter>
    </ClInclude>
    <ClInclude Include="SSAOEffectFile.h">
      <Filter>Header Files</Filter>
    </ClInclude>
    <ClInclude Include="ParticleEngineEffectFile.h">
      <Filter>Header Files</Filter>
    </ClInclude>
    <ClInclude Include="ParticleEffectImporter.h">
      <Filter>Header Files</Filter>
    </ClInclude>
    <ClInclude Include="ParticleEffect.h">
      <Filter>Header Files</Filter>
    </ClInclude>
    <ClInclude Include="ChainEffect.h">
      <Filter>Header Files</Filter>
    </ClInclude>
    <ClInclude Include="ChainFXEffectFile.h">
      <Filter>Header Files</Filter>
    </ClInclude>
  </ItemGroup>
  <ItemGroup>
    <ClCompile Include="GraphicsHandler.cpp">
      <Filter>Source Files</Filter>
    </ClCompile>
    <ClCompile Include="Model.cpp">
      <Filter>Source Files</Filter>
    </ClCompile>
    <ClCompile Include="World.cpp">
      <Filter>Source Files</Filter>
    </ClCompile>
    <ClCompile Include="Camera.cpp">
      <Filter>Source Files</Filter>
    </ClCompile>
    <ClCompile Include="EffectFile.cpp">
      <Filter>Source Files</Filter>
    </ClCompile>
    <ClCompile Include="DeviceHandler.cpp">
      <Filter>Source Files</Filter>
    </ClCompile>
    <ClCompile Include="ResourceHolder.cpp">
      <Filter>Source Files</Filter>
    </ClCompile>
    <ClCompile Include="MeshImporter.cpp">
      <Filter>Source Files</Filter>
    </ClCompile>
    <ClCompile Include="TextureHolder.cpp">
      <Filter>Source Files</Filter>
    </ClCompile>
    <ClCompile Include="ForwardRenderingEffectFile.cpp">
      <Filter>Source Files</Filter>
    </ClCompile>
    <ClCompile Include="ConfigFile.cpp">
      <Filter>Source Files</Filter>
    </ClCompile>
    <ClCompile Include="DepthStencil.cpp">
      <Filter>Source Files</Filter>
    </ClCompile>
    <ClCompile Include="RenderTarget.cpp">
      <Filter>Source Files</Filter>
    </ClCompile>
    <ClCompile Include="Sprite.cpp">
      <Filter>Source Files</Filter>
    </ClCompile>
    <ClCompile Include="DeferredRenderingEffectFile.cpp">
      <Filter>Source Files</Filter>
    </ClCompile>
    <ClCompile Include="DeferredSamplerEffectFile.cpp">
      <Filter>Source Files</Filter>
    </ClCompile>
    <ClCompile Include="FullScreenPlane.cpp">
      <Filter>Source Files</Filter>
    </ClCompile>
    <ClCompile Include="QuadTreeNode.cpp">
      <Filter>QuadTree</Filter>
    </ClCompile>
    <ClCompile Include="QuadTree.cpp">
      <Filter>QuadTree</Filter>
    </ClCompile>
    <ClCompile Include="SpriteEffectFile.cpp">
      <Filter>Source Files</Filter>
    </ClCompile>
    <ClCompile Include="SpriteSheet.cpp">
      <Filter>Source Files</Filter>
    </ClCompile>
    <ClCompile Include="Road.cpp">
      <Filter>Road</Filter>
    </ClCompile>
    <ClCompile Include="PointLight.cpp">
      <Filter>Light</Filter>
    </ClCompile>
    <ClCompile Include="DirectionalLight.cpp">
      <Filter>Light</Filter>
    </ClCompile>
    <ClCompile Include="SpotLight.cpp">
      <Filter>Light</Filter>
    </ClCompile>
    <ClCompile Include="AnimationHolder.cpp">
      <Filter>Source Files</Filter>
    </ClCompile>
    <ClCompile Include="Animation.cpp">
      <Filter>Source Files</Filter>
    </ClCompile>
    <ClCompile Include="MyText.cpp">
      <Filter>Text</Filter>
    </ClCompile>
    <ClCompile Include="MyTextOffsets.cpp">
      <Filter>Text</Filter>
    </ClCompile>
    <ClCompile Include="Text.cpp">
      <Filter>Text</Filter>
    </ClCompile>
    <ClCompile Include="Terrain.cpp">
      <Filter>Terrain</Filter>
    </ClCompile>
    <ClCompile Include="ParticleEngine.cpp">
      <Filter>Source Files</Filter>
    </ClCompile>
    <ClCompile Include="GlowRenderingEffectFile.cpp">
      <Filter>Source Files</Filter>
    </ClCompile>
    <ClCompile Include="SSAOEffectFile.cpp">
      <Filter>Source Files</Filter>
    </ClCompile>
    <ClCompile Include="ParticleEngineEffectFile.cpp">
      <Filter>Source Files</Filter>
    </ClCompile>
    <ClCompile Include="ParticleEffectImporter.cpp">
      <Filter>Source Files</Filter>
    </ClCompile>
    <ClCompile Include="ChainEffect.cpp">
      <Filter>Source Files</Filter>
    </ClCompile>
    <ClCompile Include="ChainFXEffectFile.cpp">
      <Filter>Source Files</Filter>
    </ClCompile>
  </ItemGroup>
  <ItemGroup>
    <FxCompile Include="..\GameClient\ForwardRendering.fx">
      <Filter>Shader files</Filter>
    </FxCompile>
    <FxCompile Include="..\GameClient\DeferredRendering.fx">
      <Filter>Shader files</Filter>
    </FxCompile>
    <FxCompile Include="..\GameClient\DeferredSampler.fx">
      <Filter>Shader files</Filter>
    </FxCompile>
    <FxCompile Include="..\GameClient\SpriteRendering.fx">
      <Filter>Shader files</Filter>
    </FxCompile>
    <FxCompile Include="..\GameClient\GlowRendering.fx">
      <Filter>Shader files</Filter>
    </FxCompile>
    <FxCompile Include="..\GameClient\SSAO.fx">
      <Filter>Shader files</Filter>
    </FxCompile>
    <FxCompile Include="..\GameClient\ParticleEngineRendering.fx">
      <Filter>Shader files</Filter>
    </FxCompile>
    <FxCompile Include="..\GameClient\Beacon.fx">
      <Filter>Shader files\ParticleBehavior</Filter>
    </FxCompile>
    <FxCompile Include="..\GameClient\ParticleSystemStructs.fx">
      <Filter>Shader files</Filter>
    </FxCompile>
    <FxCompile Include="..\GameClient\UpSideDownTwist.fx">
      <Filter>Shader files\ParticleBehavior</Filter>
    </FxCompile>
    <FxCompile Include="..\GameClient\CirclePuls.fx">
      <Filter>Shader files\ParticleBehavior</Filter>
    </FxCompile>
    <FxCompile Include="..\GameClient\Sphere.fx">
      <Filter>Shader files\ParticleBehavior</Filter>
    </FxCompile>
    <FxCompile Include="..\GameClient\Beacon.fx" />
    <FxCompile Include="..\GameClient\ParticleSystemStructs.fx" />
    <FxCompile Include="..\GameClient\UpSideDownTwist.fx" />
    <FxCompile Include="..\GameClient\Fire.fx">
      <Filter>Shader files\ParticleBehavior</Filter>
    </FxCompile>
    <FxCompile Include="..\GameClient\ChainEffectRendering.fx">
      <Filter>Shader files</Filter>
    </FxCompile>
    <FxCompile Include="..\GameClient\Electric.fx">
      <Filter>Shader files\ParticleBehavior</Filter>
    </FxCompile>
  </ItemGroup>
</Project>