<?xml version="1.0" encoding="utf-8"?>
<Project ToolsVersion="4.0" xmlns="http://schemas.microsoft.com/developer/msbuild/2003">
  <ItemGroup>
    <ClCompile Include="CollisionHandler.cpp">
      <Filter>Server</Filter>
    </ClCompile>
    <ClCompile Include="EntityHandler.cpp">
      <Filter>Server</Filter>
    </ClCompile>
    <ClCompile Include="ClientHandler.cpp">
      <Filter>Client</Filter>
    </ClCompile>
    <ClCompile Include="CreateGameMenu.cpp">
      <Filter>Client</Filter>
    </ClCompile>
    <ClCompile Include="CreateGameState.cpp">
      <Filter>Client</Filter>
    </ClCompile>
    <ClCompile Include="CreditsMenu.cpp">
      <Filter>Client</Filter>
    </ClCompile>
    <ClCompile Include="GameState.cpp">
      <Filter>Client</Filter>
    </ClCompile>
    <ClCompile Include="JoinGameMenu.cpp">
      <Filter>Client</Filter>
    </ClCompile>
    <ClCompile Include="JoinGameState.cpp">
      <Filter>Client</Filter>
    </ClCompile>
    <ClCompile Include="LobbyMenu.cpp">
      <Filter>Client</Filter>
    </ClCompile>
    <ClCompile Include="LobbyState.cpp">
      <Filter>Client</Filter>
    </ClCompile>
    <ClCompile Include="LoreMenu.cpp">
      <Filter>Client</Filter>
    </ClCompile>
    <ClCompile Include="main.cpp">
      <Filter>Client</Filter>
    </ClCompile>
    <ClCompile Include="MainMenu.cpp">
      <Filter>Client</Filter>
    </ClCompile>
    <ClCompile Include="MainMenuState.cpp">
      <Filter>Client</Filter>
    </ClCompile>
    <ClCompile Include="Menu.cpp">
      <Filter>Client</Filter>
    </ClCompile>
    <ClCompile Include="ModelIdHolder.cpp">
      <Filter>Client</Filter>
    </ClCompile>
    <ClCompile Include="ScoreMenu.cpp">
      <Filter>Client</Filter>
    </ClCompile>
    <ClCompile Include="SettingsMenu.cpp">
      <Filter>Client</Filter>
    </ClCompile>
    <ClCompile Include="TextInput.cpp">
      <Filter>Client</Filter>
    </ClCompile>
    <ClCompile Include="ServerEntity.cpp">
      <Filter>Server</Filter>
    </ClCompile>
    <ClCompile Include="ServerThread.cpp">
      <Filter>Server</Filter>
    </ClCompile>
    <ClCompile Include="Server.cpp">
      <Filter>Server</Filter>
    </ClCompile>
    <ClCompile Include="MessageHandler.cpp">
      <Filter>Server</Filter>
    </ClCompile>
    <ClCompile Include="MessageQueue.cpp">
      <Filter>Server</Filter>
    </ClCompile>
    <ClCompile Include="Client.cpp">
      <Filter>Client</Filter>
    </ClCompile>
    <ClCompile Include="Minimap.cpp">
      <Filter>Minimap</Filter>
    </ClCompile>
    <ClCompile Include="TextLabel.cpp">
      <Filter>Client</Filter>
    </ClCompile>
    <ClCompile Include="Skill.cpp">
      <Filter>Server\Skills</Filter>
    </ClCompile>
    <ClCompile Include="Player.cpp">
      <Filter>Server</Filter>
    </ClCompile>
    <ClCompile Include="MapHandler.cpp">
      <Filter>Server</Filter>
    </ClCompile>
    <ClCompile Include="HudMenu.cpp">
      <Filter>Client</Filter>
    </ClCompile>
    <ClCompile Include="ChainStrike.cpp">
      <Filter>Server\Skills</Filter>
    </ClCompile>
    <ClCompile Include="CloudOfDarkness.cpp">
      <Filter>Server\Skills</Filter>
    </ClCompile>
    <ClCompile Include="NetworkMessage.cpp">
      <Filter>Network</Filter>
    </ClCompile>
    <ClCompile Include="NetworkEntityMessage.cpp">
      <Filter>Network</Filter>
    </ClCompile>
    <ClCompile Include="LoreState.cpp">
      <Filter>Client</Filter>
    </ClCompile>
    <ClCompile Include="NetworkDisconnectMessage.cpp">
      <Filter>Network</Filter>
    </ClCompile>
    <ClCompile Include="CreditState.cpp">
      <Filter>Client</Filter>
    </ClCompile>
    <ClCompile Include="SettingsState.cpp">
      <Filter>Client</Filter>
    </ClCompile>
    <ClCompile Include="NetworkRemoveEntityMessage.cpp">
      <Filter>Network</Filter>
    </ClCompile>
    <ClCompile Include="IntroMenu.cpp">
      <Filter>Client</Filter>
    </ClCompile>
    <ClCompile Include="Keyboard.cpp">
      <Filter>Client\Controls</Filter>
    </ClCompile>
    <ClCompile Include="IntroState.cpp">
      <Filter>Client</Filter>
    </ClCompile>
    <ClCompile Include="NetworkUseActionMessage.cpp">
      <Filter>Network</Filter>
    </ClCompile>
    <ClCompile Include="Mouse.cpp">
      <Filter>Client\Controls</Filter>
    </ClCompile>
    <ClCompile Include="NetworkUseActionPositionMessage.cpp">
      <Filter>Network</Filter>
    </ClCompile>
    <ClCompile Include="NetworkUseActionTargetMessage.cpp">
      <Filter>Network</Filter>
    </ClCompile>
    <ClCompile Include="StunningStrike.cpp">
      <Filter>Server\Skills</Filter>
    </ClCompile>
    <ClCompile Include="UnitEntity.cpp">
      <Filter>Server</Filter>
    </ClCompile>
    <ClCompile Include="MyAlgorithms.cpp">
      <Filter>Server</Filter>
    </ClCompile>
    <ClCompile Include="Teleport.cpp">
      <Filter>Server\Skills</Filter>
    </ClCompile>
    <ClCompile Include="NetworkCreateActionMessage.cpp">
      <Filter>Network</Filter>
    </ClCompile>
    <ClCompile Include="NetworkCreateActionPositionMessage.cpp">
      <Filter>Network</Filter>
    </ClCompile>
    <ClCompile Include="NetworkCreateActionTargetMessage.cpp">
      <Filter>Network</Filter>
    </ClCompile>
    <ClCompile Include="CloudOfDarknessClientSkillEffect.cpp">
      <Filter>Client\Skills</Filter>
    </ClCompile>
    <ClCompile Include="Aim.cpp">
      <Filter>Server\Skills</Filter>
    </ClCompile>
    <ClCompile Include="DeadlyStrike.cpp">
      <Filter>Server\Skills</Filter>
    </ClCompile>
    <ClCompile Include="Greed.cpp">
      <Filter>Server\Skills</Filter>
    </ClCompile>
    <ClCompile Include="LifestealingStrike.cpp">
      <Filter>Server\Skills</Filter>
    </ClCompile>
    <ClCompile Include="MentalResistance.cpp">
      <Filter>Server\Skills</Filter>
    </ClCompile>
    <ClCompile Include="PhysicalResistance.cpp">
      <Filter>Server\Skills</Filter>
    </ClCompile>
    <ClCompile Include="PoisonStrike.cpp">
      <Filter>Server\Skills</Filter>
    </ClCompile>
    <ClCompile Include="StunningStrikeClientSkillEffect.cpp">
      <Filter>Client\Skills</Filter>
    </ClCompile>
    <ClCompile Include="ClientSkillEffect.cpp">
      <Filter>Client\Skills</Filter>
    </ClCompile>
    <ClCompile Include="HealingTouch.cpp">
      <Filter>Server\Skills</Filter>
    </ClCompile>
    <ClCompile Include="NetworkSkillBoughtMessage.cpp">
      <Filter>Network</Filter>
    </ClCompile>
    <ClCompile Include="HealingTouchClientSkillEffect.cpp">
      <Filter>Client\Skills</Filter>
    </ClCompile>
    <ClCompile Include="DemonicPresence.cpp">
      <Filter>Server\Skills</Filter>
    </ClCompile>
    <ClCompile Include="ChainStrikeEffect.cpp">
      <Filter>Server\Skills\Effects</Filter>
    </ClCompile>
    <ClCompile Include="CloudOfDarknessEffect.cpp">
      <Filter>Server\Skills\Effects</Filter>
    </ClCompile>
    <ClCompile Include="DemonicPresenceEffect.cpp">
      <Filter>Server\Skills\Effects</Filter>
    </ClCompile>
    <ClCompile Include="StunningStrikeEffect.cpp">
      <Filter>Server\Skills\Effects</Filter>
    </ClCompile>
    <ClCompile Include="TeleportEffect.cpp">
      <Filter>Server\Skills\Effects</Filter>
    </ClCompile>
    <ClCompile Include="NetworkBuySkillMessage.cpp">
      <Filter>Network</Filter>
    </ClCompile>
    <ClCompile Include="Pathfinder.cpp">
      <Filter>Server</Filter>
    </ClCompile>
    <ClCompile Include="Button.cpp">
      <Filter>Client\Buttons</Filter>
    </ClCompile>
    <ClCompile Include="Slider.cpp">
      <Filter>Client\Buttons</Filter>
    </ClCompile>
    <ClCompile Include="State.cpp">
      <Filter>Client</Filter>
    </ClCompile>
    <ClCompile Include="Skill_Buttons.cpp">
      <Filter>Client\Buttons</Filter>
    </ClCompile>
    <ClCompile Include="DemonicPresenceClientSkillEffect.cpp">
      <Filter>Client\Skills</Filter>
    </ClCompile>
    <ClCompile Include="NetworkRemoveActionTargetMessage.cpp">
      <Filter>Network</Filter>
    </ClCompile>
    <ClCompile Include="ClientEntityHandler.cpp">
      <Filter>Client</Filter>
    </ClCompile>
    <ClCompile Include="SimonsEvil.cpp">
      <Filter>Server\Skills</Filter>
    </ClCompile>
    <ClCompile Include="SimonsEvilEffect.cpp">
      <Filter>Server\Skills\Effects</Filter>
    </ClCompile>
    <ClCompile Include="SkillIdHolder.cpp">
      <Filter>Client</Filter>
    </ClCompile>
    <ClCompile Include="SimonsEvilClientSkillEffect.cpp">
      <Filter>Client\Skills</Filter>
    </ClCompile>
    <ClCompile Include="SwiftAsACatPowerfulAsABoar.cpp">
      <Filter>Server\Skills</Filter>
    </ClCompile>
    <ClCompile Include="Hero.cpp">
      <Filter>Server\Heroes</Filter>
    </ClCompile>
    <ClCompile Include="Engineer.cpp">
      <Filter>Server\Heroes</Filter>
    </ClCompile>
    <ClCompile Include="NetworkHeroSelectedMessage.cpp">
      <Filter>Network</Filter>
    </ClCompile>
    <ClCompile Include="NetworkReadyMessage.cpp">
      <Filter>Network</Filter>
    </ClCompile>
    <ClCompile Include="NetworkSelectHeroMessage.cpp">
      <Filter>Network</Filter>
    </ClCompile>
    <ClCompile Include="NetworkStartGameMessage.cpp">
      <Filter>Network</Filter>
    </ClCompile>
    <ClCompile Include="NetworkSkillUsedMessage.cpp">
      <Filter>Network</Filter>
    </ClCompile>
    <ClCompile Include="TheMentalist.cpp">
      <Filter>Server\Heroes</Filter>
    </ClCompile>
    <ClCompile Include="RedKnight.cpp">
      <Filter>Server\Heroes</Filter>
    </ClCompile>
    <ClCompile Include="Doctor.cpp">
      <Filter>Server\Heroes</Filter>
    </ClCompile>
    <ClCompile Include="Officer.cpp">
      <Filter>Server\Heroes</Filter>
    </ClCompile>
    <ClCompile Include="TeslaChainTurret.cpp">
      <Filter>Server\Turrets</Filter>
    </ClCompile>
    <ClCompile Include="TeslaChainTurretEffect.cpp">
      <Filter>Server\Turrets\Effects</Filter>
    </ClCompile>
    <ClCompile Include="Map.cpp">
      <Filter>Server</Filter>
    </ClCompile>
    <ClCompile Include="Node.cpp">
      <Filter>Server</Filter>
    </ClCompile>
    <ClCompile Include="Position.cpp">
      <Filter>Server</Filter>
    </ClCompile>
    <ClCompile Include="ArrowClientSkillEffect.cpp">
      <Filter>Client\Skills</Filter>
    </ClCompile>
    <ClCompile Include="CourageHonorValor.cpp">
      <Filter>Server\Skills</Filter>
    </ClCompile>
    <ClCompile Include="CourageHonorValorEffect.cpp">
      <Filter>Server\Skills\Effects</Filter>
    </ClCompile>
    <ClCompile Include="RangedAttack.cpp">
      <Filter>Server\Skills</Filter>
    </ClCompile>
    <ClCompile Include="CourageHonorValorClientSkillEffect.cpp">
      <Filter>Client\Skills</Filter>
    </ClCompile>
    <ClCompile Include="LifeRegenEffect.cpp">
      <Filter>Server\Skills\Effects</Filter>
    </ClCompile>
    <ClCompile Include="LifeRegen.cpp">
      <Filter>Server\Skills</Filter>
    </ClCompile>
    <ClCompile Include="EnigmaticPresence.cpp">
      <Filter>Server\Skills</Filter>
    </ClCompile>
    <ClCompile Include="EnigmaticPresenceEffect.cpp">
      <Filter>Server\Skills\Effects</Filter>
    </ClCompile>
    <ClCompile Include="EnigmaticPresenceClientSkillEffect.cpp">
      <Filter>Client\Skills</Filter>
    </ClCompile>
    <ClCompile Include="FrostDemon.cpp">
      <Filter>Server\Enemies</Filter>
    </ClCompile>
    <ClCompile Include="BruteSteed.cpp">
      <Filter>Server\Enemies</Filter>
    </ClCompile>
    <ClCompile Include="MeleeAttack.cpp">
      <Filter>Server\Skills</Filter>
    </ClCompile>
    <ClCompile Include="HypnoticStareEffect.cpp">
      <Filter>Server\Skills\Effects</Filter>
    </ClCompile>
    <ClCompile Include="HellfireSteed.cpp">
      <Filter>Server\Enemies</Filter>
    </ClCompile>
    <ClCompile Include="Imp.cpp">
      <Filter>Server\Enemies</Filter>
    </ClCompile>
    <ClCompile Include="DelayedDamage.cpp">
      <Filter>Server\Skills\Effects</Filter>
    </ClCompile>
    <ClCompile Include="HypnoticStare.cpp">
      <Filter>Server\Skills</Filter>
    </ClCompile>
    <ClCompile Include="Shade.cpp">
      <Filter>Server\Enemies</Filter>
    </ClCompile>
    <ClCompile Include="SpittingDemon.cpp">
      <Filter>Server\Enemies</Filter>
    </ClCompile>
    <ClCompile Include="ThunderSteed.cpp">
      <Filter>Server\Enemies</Filter>
    </ClCompile>
    <ClCompile Include="SoulEaterSteed.cpp">
      <Filter>Server\Enemies</Filter>
    </ClCompile>
    <ClCompile Include="ServerQuadTree.cpp">
      <Filter>Server\Quadtree</Filter>
    </ClCompile>
    <ClCompile Include="ServerQuadTreeNode.cpp">
      <Filter>Server\Quadtree</Filter>
    </ClCompile>
    <ClCompile Include="MeleeAttackClientSkillEffect.cpp">
      <Filter>Client\Skills</Filter>
    </ClCompile>
    <ClCompile Include="TowerPlacer.cpp">
      <Filter>Server\Turrets\Tower Placer</Filter>
    </ClCompile>
    <ClCompile Include="RunClientSkillEffect.cpp">
      <Filter>Client\Skills</Filter>
    </ClCompile>
    <ClCompile Include="IdleClientSkillEffect.cpp">
      <Filter>Client\Skills</Filter>
    </ClCompile>
    <ClCompile Include="MeleeAOEAttack.cpp">
      <Filter>Server\Skills</Filter>
    </ClCompile>
    <ClCompile Include="NetworkHeroInitMessage.cpp">
      <Filter>Network</Filter>
    </ClCompile>
    <ClCompile Include="DeathClientSkillEffect.cpp">
      <Filter>Client\Skills</Filter>
    </ClCompile>
    <ClCompile Include="NetworkInitEntityMessage.cpp">
      <Filter>Network</Filter>
    </ClCompile>
    <ClCompile Include="NetworkUpdateEntityHealth.cpp">
      <Filter>Network</Filter>
    </ClCompile>
    <ClCompile Include="Enemy.cpp">
      <Filter>Server\Enemies</Filter>
    </ClCompile>
    <ClCompile Include="Turret.cpp">
      <Filter>Server\Turrets</Filter>
    </ClCompile>
    <ClCompile Include="FrostTurret.cpp">
      <Filter>Server\Turrets</Filter>
    </ClCompile>
    <ClCompile Include="PoisonTurret.cpp">
      <Filter>Server\Turrets</Filter>
    </ClCompile>
    <ClCompile Include="DeathPulseTurret.cpp">
      <Filter>Server\Turrets</Filter>
    </ClCompile>
    <ClCompile Include="HypnoticStareClientSkillEffect.cpp">
      <Filter>Client\Skills</Filter>
    </ClCompile>
    <ClCompile Include="FrostTurretProjectileClientSkillEffect.cpp">
      <Filter>Client\Skills</Filter>
    </ClCompile>
    <ClCompile Include="Cursor.cpp">
      <Filter>Client\Controls</Filter>
    </ClCompile>
    <ClCompile Include="MeleeAOEClientSkillEffect.cpp">
      <Filter>Client\Skills</Filter>
    </ClCompile>
    <ClCompile Include="FrostTurretProjectile.cpp">
      <Filter>Server\Turrets\Projectiles</Filter>
    </ClCompile>
    <ClCompile Include="PoisonTurretProjectile.cpp">
      <Filter>Server\Turrets\Projectiles</Filter>
    </ClCompile>
    <ClCompile Include="PoisonTurretProjectileClientSkillEffect.cpp">
      <Filter>Client\Skills</Filter>
    </ClCompile>
    <ClCompile Include="DeathPulseTurretClientSkillEffect.cpp">
      <Filter>Client\Skills</Filter>
    </ClCompile>
    <ClCompile Include="PassiveAttackClientSkillEffect.cpp">
      <Filter>Client\Skills</Filter>
    </ClCompile>
    <ClCompile Include="ChainStrikeClientSkillEffect.cpp">
      <Filter>Client\Skills</Filter>
    </ClCompile>
    <ClCompile Include="SwiftAsACatPowerfulAsABoarClientSkillEffect.cpp">
      <Filter>Client\Skills</Filter>
    </ClCompile>
    <ClCompile Include="Statistics.cpp">
      <Filter>Server</Filter>
    </ClCompile>
    <ClCompile Include="StatisticsPlayer.cpp">
      <Filter>Server</Filter>
    </ClCompile>
    <ClCompile Include="EnhancedDevelopment.cpp">
      <Filter>Server\Skills</Filter>
    </ClCompile>
    <ClCompile Include="TurretLifetime.cpp">
      <Filter>Server\Skills</Filter>
    </ClCompile>
    <ClCompile Include="ReadyAimFire.cpp">
      <Filter>Server\Skills</Filter>
    </ClCompile>
    <ClCompile Include="TargetAcquiredPermissionToFire.cpp">
      <Filter>Server\Skills</Filter>
    </ClCompile>
    <ClCompile Include="TargetAcquiredPermissionToFireEffect.cpp">
      <Filter>Server\Skills\Effects</Filter>
    </ClCompile>
    <ClCompile Include="TimeIsMoney.cpp">
      <Filter>Server\Skills</Filter>
    </ClCompile>
    <ClCompile Include="Wall.cpp">
      <Filter>Server\Skills</Filter>
    </ClCompile>
    <ClCompile Include="WallEffect.cpp">
      <Filter>Server\Skills\Effects</Filter>
    </ClCompile>
    <ClCompile Include="WallClientSkillEffect.cpp">
      <Filter>Client\Skills</Filter>
    </ClCompile>
    <ClCompile Include="TargetAcquiredClientSkillEffect.cpp">
      <Filter>Client\Skills</Filter>
    </ClCompile>
    <ClCompile Include="ChurchPenetratedClientSkillEffect.cpp">
      <Filter>Client\Skills</Filter>
    </ClCompile>
    <ClCompile Include="NetworkAttributeUpdateMessage.cpp">
      <Filter>Network</Filter>
    </ClCompile>
    <ClCompile Include="SoundWrapper.cpp">
      <Filter>Client\Audio</Filter>
    </ClCompile>
    <ClCompile Include="SpeechManager.cpp">
      <Filter>Client\Audio</Filter>
    </ClCompile>
    <ClCompile Include="AmbientSoundsManager.cpp">
      <Filter>Client\Audio</Filter>
    </ClCompile>
    <ClCompile Include="TeleportClientSkillEffect.cpp">
      <Filter>Client\Skills</Filter>
    </ClCompile>
    <ClCompile Include="FrostTurretBase.cpp">
      <Filter>Server\Turrets</Filter>
    </ClCompile>
    <ClCompile Include="HealingFountain.cpp">
      <Filter>Server</Filter>
    </ClCompile>
    <ClCompile Include="NetworkEndGameMessage.cpp">
      <Filter>Network</Filter>
    </ClCompile>
    <ClCompile Include="NetworkWelcomeMessage.cpp">
      <Filter>Network</Filter>
    </ClCompile>
  </ItemGroup>
  <ItemGroup>
    <ClInclude Include="CollisionHandler.h">
      <Filter>Server</Filter>
    </ClInclude>
    <ClInclude Include="EntityHandler.h">
      <Filter>Server</Filter>
    </ClInclude>
    <ClInclude Include="ClientHandler.h">
      <Filter>Client</Filter>
    </ClInclude>
    <ClInclude Include="CreateGameMenu.h">
      <Filter>Client</Filter>
    </ClInclude>
    <ClInclude Include="CreateGameState.h">
      <Filter>Client</Filter>
    </ClInclude>
    <ClInclude Include="CreditsMenu.h">
      <Filter>Client</Filter>
    </ClInclude>
    <ClInclude Include="GameState.h">
      <Filter>Client</Filter>
    </ClInclude>
    <ClInclude Include="Graphics.h">
      <Filter>Client</Filter>
    </ClInclude>
    <ClInclude Include="HudMenu.h">
      <Filter>Client</Filter>
    </ClInclude>
    <ClInclude Include="Input.h">
      <Filter>Client</Filter>
    </ClInclude>
    <ClInclude Include="JoinGameMenu.h">
      <Filter>Client</Filter>
    </ClInclude>
    <ClInclude Include="JoinGameState.h">
      <Filter>Client</Filter>
    </ClInclude>
    <ClInclude Include="LobbyMenu.h">
      <Filter>Client</Filter>
    </ClInclude>
    <ClInclude Include="LobbyState.h">
      <Filter>Client</Filter>
    </ClInclude>
    <ClInclude Include="LoreMenu.h">
      <Filter>Client</Filter>
    </ClInclude>
    <ClInclude Include="MainMenu.h">
      <Filter>Client</Filter>
    </ClInclude>
    <ClInclude Include="MainMenuState.h">
      <Filter>Client</Filter>
    </ClInclude>
    <ClInclude Include="Menu.h">
      <Filter>Client</Filter>
    </ClInclude>
    <ClInclude Include="ModelIdHolder.h">
      <Filter>Client</Filter>
    </ClInclude>
    <ClInclude Include="ScoreMenu.h">
      <Filter>Client</Filter>
    </ClInclude>
    <ClInclude Include="SettingsMenu.h">
      <Filter>Client</Filter>
    </ClInclude>
    <ClInclude Include="State.h">
      <Filter>Client</Filter>
    </ClInclude>
    <ClInclude Include="TextInput.h">
      <Filter>Client</Filter>
    </ClInclude>
    <ClInclude Include="ServerThread.h">
      <Filter>Server</Filter>
    </ClInclude>
    <ClInclude Include="ServerEntity.h">
      <Filter>Server</Filter>
    </ClInclude>
    <ClInclude Include="Server.h">
      <Filter>Server</Filter>
    </ClInclude>
    <ClInclude Include="MessageQueue.h">
      <Filter>Server</Filter>
    </ClInclude>
    <ClInclude Include="MessageHandler.h">
      <Filter>Server</Filter>
    </ClInclude>
    <ClInclude Include="Message.h">
      <Filter>Server</Filter>
    </ClInclude>
    <ClInclude Include="Client.h">
      <Filter>Client</Filter>
    </ClInclude>
    <ClInclude Include="Minimap.h">
      <Filter>Minimap</Filter>
    </ClInclude>
    <ClInclude Include="TextLabel.h">
      <Filter>Client</Filter>
    </ClInclude>
    <ClInclude Include="Skill.h">
      <Filter>Server\Skills</Filter>
    </ClInclude>
    <ClInclude Include="Player.h">
      <Filter>Server</Filter>
    </ClInclude>
    <ClInclude Include="MapHandler.h">
      <Filter>Server</Filter>
    </ClInclude>
    <ClInclude Include="Skills.h">
      <Filter>Server\Skills</Filter>
    </ClInclude>
    <ClInclude Include="Entity.h">
      <Filter>Client</Filter>
    </ClInclude>
    <ClInclude Include="NetworkMessage.h">
      <Filter>Network</Filter>
    </ClInclude>
    <ClInclude Include="NetworkEntityMessage.h">
      <Filter>Network</Filter>
    </ClInclude>
    <ClInclude Include="ChainStrike.h">
      <Filter>Server\Skills</Filter>
    </ClInclude>
    <ClInclude Include="CloudOfDarkness.h">
      <Filter>Server\Skills</Filter>
    </ClInclude>
    <ClInclude Include="Skills.h">
      <Filter>Server\Skill</Filter>
    </ClInclude>
    <ClInclude Include="LoreState.h">
      <Filter>Client</Filter>
    </ClInclude>
    <ClInclude Include="NetworkDisconnectMessage.h">
      <Filter>Network</Filter>
    </ClInclude>
    <ClInclude Include="CreditState.h">
      <Filter>Client</Filter>
    </ClInclude>
    <ClInclude Include="SettingsState.h">
      <Filter>Client</Filter>
    </ClInclude>
    <ClInclude Include="Keyboard.h">
      <Filter>Client\Controls</Filter>
    </ClInclude>
    <ClInclude Include="IntroMenu.h">
      <Filter>Client</Filter>
    </ClInclude>
    <ClInclude Include="NetworkRemoveEntityMessage.h">
      <Filter>Network</Filter>
    </ClInclude>
    <ClInclude Include="IntroState.h">
      <Filter>Client</Filter>
    </ClInclude>
    <ClInclude Include="Mouse.h">
      <Filter>Client\Controls</Filter>
    </ClInclude>
    <ClInclude Include="NetworkUseActionMessage.h">
      <Filter>Network</Filter>
    </ClInclude>
    <ClInclude Include="NetworkUseActionPositionMessage.h">
      <Filter>Network</Filter>
    </ClInclude>
    <ClInclude Include="NetworkUseActionTargetMessage.h">
      <Filter>Network</Filter>
    </ClInclude>
    <ClInclude Include="StunningStrike.h">
      <Filter>Server\Skills</Filter>
    </ClInclude>
    <ClInclude Include="UnitEntity.h">
      <Filter>Server</Filter>
    </ClInclude>
    <ClInclude Include="MyAlgorithms.h">
      <Filter>Server</Filter>
    </ClInclude>
    <ClInclude Include="Teleport.h">
      <Filter>Server\Skills</Filter>
    </ClInclude>
    <ClInclude Include="NetworkCreateActionMessage.h">
      <Filter>Network</Filter>
    </ClInclude>
    <ClInclude Include="NetworkCreateActionPositionMessage.h">
      <Filter>Network</Filter>
    </ClInclude>
    <ClInclude Include="NetworkCreateActionTargetMessage.h">
      <Filter>Network</Filter>
    </ClInclude>
    <ClInclude Include="ClientSkillEffect.h">
      <Filter>Client\Skills</Filter>
    </ClInclude>
    <ClInclude Include="Aim.h">
      <Filter>Server\Skills</Filter>
    </ClInclude>
    <ClInclude Include="ClientSkillEffects.h">
      <Filter>Client\Skills</Filter>
    </ClInclude>
    <ClInclude Include="DeadlyStrike.h">
      <Filter>Server\Skills</Filter>
    </ClInclude>
    <ClInclude Include="CloudOfDarknessClientSkillEffect.h">
      <Filter>Client\Skills</Filter>
    </ClInclude>
    <ClInclude Include="Greed.h">
      <Filter>Server\Skills</Filter>
    </ClInclude>
    <ClInclude Include="LifestealingStrike.h">
      <Filter>Server\Skills</Filter>
    </ClInclude>
    <ClInclude Include="MentalResistance.h">
      <Filter>Server\Skills</Filter>
    </ClInclude>
    <ClInclude Include="PhysicalResistance.h">
      <Filter>Server\Skills</Filter>
    </ClInclude>
    <ClInclude Include="PoisonStrike.h">
      <Filter>Server\Skills</Filter>
    </ClInclude>
    <ClInclude Include="StunningStrikeClientSkillEffect.h">
      <Filter>Client\Skills</Filter>
    </ClInclude>
    <ClInclude Include="NetworkBuySkillMessage.h">
      <Filter>Network</Filter>
    </ClInclude>
    <ClInclude Include="NetworkSkillBoughtMessage.h">
      <Filter>Network</Filter>
    </ClInclude>
    <ClInclude Include="HealingTouch.h">
      <Filter>Server\Skills</Filter>
    </ClInclude>
    <ClInclude Include="HealingTouchClientSkillEffect.h">
      <Filter>Client\Skills</Filter>
    </ClInclude>
    <ClInclude Include="DemonicPresence.h">
      <Filter>Server\Skills</Filter>
    </ClInclude>
    <ClInclude Include="CloudOfDarknessEffect.h">
      <Filter>Server\Skills\Effects</Filter>
    </ClInclude>
    <ClInclude Include="DemonicPresenceEffect.h">
      <Filter>Server\Skills\Effects</Filter>
    </ClInclude>
    <ClInclude Include="StunningStrikeEffect.h">
      <Filter>Server\Skills\Effects</Filter>
    </ClInclude>
    <ClInclude Include="TeleportEffect.h">
      <Filter>Server\Skills\Effects</Filter>
    </ClInclude>
    <ClInclude Include="ChainStrikeEffect.h">
      <Filter>Server\Skills\Effects</Filter>
    </ClInclude>
    <ClInclude Include="Pathfinder.h">
      <Filter>Server</Filter>
    </ClInclude>
    <ClInclude Include="Path.h">
      <Filter>Server</Filter>
    </ClInclude>
    <ClInclude Include="Button.h">
      <Filter>Client\Buttons</Filter>
    </ClInclude>
    <ClInclude Include="Slider.h">
      <Filter>Client\Buttons</Filter>
    </ClInclude>
    <ClInclude Include="Skill_Buttons.h">
      <Filter>Client\Buttons</Filter>
    </ClInclude>
    <ClInclude Include="DemonicPresenceClientSkillEffect.h">
      <Filter>Client\Skills</Filter>
    </ClInclude>
    <ClInclude Include="NetworkRemoveActionTargetMessage.h">
      <Filter>Network</Filter>
    </ClInclude>
    <ClInclude Include="ClientEntityHandler.h">
      <Filter>Client</Filter>
    </ClInclude>
    <ClInclude Include="SimonsEvil.h">
      <Filter>Server\Skills</Filter>
    </ClInclude>
    <ClInclude Include="SimonsEvilEffect.h">
      <Filter>Server\Skills\Effects</Filter>
    </ClInclude>
    <ClInclude Include="SkillIdHolder.h">
      <Filter>Client</Filter>
    </ClInclude>
    <ClInclude Include="SimonsEvilClientSkillEffect.h">
      <Filter>Client\Skills</Filter>
    </ClInclude>
    <ClInclude Include="SwiftAsACatPowerfulAsABoar.h">
      <Filter>Server\Skills</Filter>
    </ClInclude>
    <ClInclude Include="Hero.h">
      <Filter>Server\Heroes</Filter>
    </ClInclude>
    <ClInclude Include="Engineer.h">
      <Filter>Server\Heroes</Filter>
    </ClInclude>
    <ClInclude Include="Heroes.h">
      <Filter>Server\Heroes</Filter>
    </ClInclude>
    <ClInclude Include="NetworkHeroSelectedMessage.h">
      <Filter>Network</Filter>
    </ClInclude>
    <ClInclude Include="NetworkReadyMessage.h">
      <Filter>Network</Filter>
    </ClInclude>
    <ClInclude Include="NetworkSelectHeroMessage.h">
      <Filter>Network</Filter>
    </ClInclude>
    <ClInclude Include="NetworkStartGameMessage.h">
      <Filter>Network</Filter>
    </ClInclude>
    <ClInclude Include="NetworkSkillUsedMessage.h">
      <Filter>Network</Filter>
    </ClInclude>
    <ClInclude Include="TheMentalist.h">
      <Filter>Server\Heroes</Filter>
    </ClInclude>
    <ClInclude Include="Doctor.h">
      <Filter>Server\Heroes</Filter>
    </ClInclude>
    <ClInclude Include="Officer.h">
      <Filter>Server\Heroes</Filter>
    </ClInclude>
    <ClInclude Include="RedKnight.h">
      <Filter>Server\Heroes</Filter>
    </ClInclude>
    <ClInclude Include="TeslaChainTurret.h">
      <Filter>Server\Turrets</Filter>
    </ClInclude>
    <ClInclude Include="TeslaChainTurretEffect.h">
      <Filter>Server\Turrets\Effects</Filter>
    </ClInclude>
    <ClInclude Include="Map.h">
      <Filter>Server</Filter>
    </ClInclude>
    <ClInclude Include="Node.h">
      <Filter>Server</Filter>
    </ClInclude>
    <ClInclude Include="Position.h">
      <Filter>Server</Filter>
    </ClInclude>
    <ClInclude Include="ArrowClientSkillEffect.h">
      <Filter>Client\Skills</Filter>
    </ClInclude>
    <ClInclude Include="CourageHonorValor.h">
      <Filter>Server\Skills</Filter>
    </ClInclude>
    <ClInclude Include="ChainStrikeEffect.h">
    </ClInclude>
    <ClInclude Include="CourageHonorValorEffect.h">
      <Filter>Server\Skills\Effects</Filter>
    </ClInclude>
    <ClInclude Include="DelayedDamage.h">
      <Filter>Server\Skills\Effects</Filter>
    </ClInclude>
    <ClInclude Include="CourageHonorValorClientSkillEffect.h">
      <Filter>Client\Skills</Filter>
    </ClInclude>
    <ClInclude Include="RangedAttack.h">
      <Filter>Server\Skills</Filter>
    </ClInclude>
    <ClInclude Include="LifeRegenEffect.h">
      <Filter>Server\Skills\Effects</Filter>
    </ClInclude>
    <ClInclude Include="LifeRegen.h">
      <Filter>Server\Skills</Filter>
    </ClInclude>
    <ClInclude Include="EnigmaticPresence.h">
      <Filter>Server\Skills</Filter>
    </ClInclude>
    <ClInclude Include="EnigmaticPresenceEffect.h">
      <Filter>Server\Skills\Effects</Filter>
    </ClInclude>
    <ClInclude Include="EnigmaticPresenceClientSkillEffect.h">
      <Filter>Client\Skills</Filter>
    </ClInclude>
    <ClInclude Include="MeleeAttack.h">
      <Filter>Server\Skills</Filter>
    </ClInclude>
    <ClInclude Include="HypnoticStareEffect.h">
      <Filter>Server\Skills\Effects</Filter>
    </ClInclude>
    <ClInclude Include="HypnoticStare.h">
      <Filter>Server\Skills</Filter>
    </ClInclude>
    <ClInclude Include="FrostDemon.h">
      <Filter>Server\Enemies</Filter>
    </ClInclude>
    <ClInclude Include="BruteSteed.h">
      <Filter>Server\Enemies</Filter>
    </ClInclude>
    <ClInclude Include="HellfireSteed.h">
      <Filter>Server\Enemies</Filter>
    </ClInclude>
    <ClInclude Include="Imp.h">
      <Filter>Server\Enemies</Filter>
    </ClInclude>
    <ClInclude Include="Shade.h">
      <Filter>Server\Enemies</Filter>
    </ClInclude>
    <ClInclude Include="SpittingDemon.h">
      <Filter>Server\Enemies</Filter>
    </ClInclude>
    <ClInclude Include="ThunderSteed.h">
      <Filter>Server\Enemies</Filter>
    </ClInclude>
    <ClInclude Include="SoulEaterSteed.h">
      <Filter>Server\Enemies</Filter>
    </ClInclude>
    <ClInclude Include="ServerQuadTree.h">
      <Filter>Server\Quadtree</Filter>
    </ClInclude>
    <ClInclude Include="ServerQuadTreeNode.h">
      <Filter>Server\Quadtree</Filter>
    </ClInclude>
    <ClInclude Include="MeleeAttackClientSkillEffect.h">
      <Filter>Client\Skills</Filter>
    </ClInclude>
    <ClInclude Include="RunClientSkillEffect.h">
      <Filter>Client\Skills</Filter>
    </ClInclude>
    <ClInclude Include="IdleClientSkillEffect.h">
      <Filter>Client\Skills</Filter>
    </ClInclude>
    <ClInclude Include="TowerPlacer.h">
      <Filter>Server\Turrets\Tower Placer</Filter>
    </ClInclude>
    <ClInclude Include="NetworkHeroInitMessage.h">
      <Filter>Network</Filter>
    </ClInclude>
    <ClInclude Include="MeleeAOEAttack.h">
      <Filter>Server\Skills</Filter>
    </ClInclude>
    <ClInclude Include="PlayerInfo.h">
      <Filter>Client</Filter>
    </ClInclude>
    <ClInclude Include="DeathClientSkillEffect.h">
      <Filter>Client\Skills</Filter>
    </ClInclude>
    <ClInclude Include="NetworkInitEntityMessage.h">
      <Filter>Network</Filter>
    </ClInclude>
    <ClInclude Include="NetworkUpdateEntityHealth.h">
      <Filter>Network</Filter>
    </ClInclude>
    <ClInclude Include="NetworkUpdateEntityHealth.h">
      <Filter>Network</Filter>
    </ClInclude>
    <ClInclude Include="Enemy.h">
      <Filter>Server\Enemies</Filter>
    </ClInclude>
    <ClInclude Include="Turret.h">
      <Filter>Server\Turrets</Filter>
    </ClInclude>
    <ClInclude Include="Turrets.h">
      <Filter>Server\Turrets</Filter>
    </ClInclude>
    <ClInclude Include="PoisonTurret.h">
      <Filter>Server\Turrets</Filter>
    </ClInclude>
    <ClInclude Include="FrostTurret.h">
      <Filter>Server\Turrets</Filter>
    </ClInclude>
    <ClInclude Include="DeathPulseTurret.h">
      <Filter>Server\Turrets</Filter>
    </ClInclude>
    <ClInclude Include="HypnoticStareClientSkillEffect.h">
      <Filter>Client\Skills</Filter>
    </ClInclude>
    <ClInclude Include="Cursor.h">
      <Filter>Client\Controls</Filter>
    </ClInclude>
    <ClInclude Include="MeleeAOEClientSkillEffect.h">
      <Filter>Client\Skills</Filter>
    </ClInclude>
    <ClInclude Include="FrostTurretProjectileClientSkillEffect.h">
      <Filter>Client\Skills</Filter>
    </ClInclude>
    <ClInclude Include="FrostTurretProjectile.h">
      <Filter>Server\Turrets\Projectiles</Filter>
    </ClInclude>
    <ClInclude Include="PoisonTurretProjectile.h">
      <Filter>Server\Turrets\Projectiles</Filter>
    </ClInclude>
    <ClInclude Include="PoisonTurretProjectileClientSkillEffect.h">
      <Filter>Client\Skills</Filter>
    </ClInclude>
    <ClInclude Include="DeathPulseTurretClientSkillEffect.h">
      <Filter>Client\Skills</Filter>
    </ClInclude>
    <ClInclude Include="PassiveAttackClientSkillEffect.h">
      <Filter>Client\Skills</Filter>
    </ClInclude>
    <ClInclude Include="ChainStrikeClientSkillEffect.h">
      <Filter>Client\Skills</Filter>
    </ClInclude>
    <ClInclude Include="SwiftAsACatPowerfulAsABoarClientSkillEffect.h">
      <Filter>Client\Skills</Filter>
    </ClInclude>
    <ClInclude Include="Statistics.h">
      <Filter>Server</Filter>
    </ClInclude>
    <ClInclude Include="EnhancedDevelopment.h">
      <Filter>Server\Skills</Filter>
    </ClInclude>
    <ClInclude Include="TurretLifetime.h">
      <Filter>Server\Skills</Filter>
    </ClInclude>
    <ClInclude Include="ReadyAimFire.h">
      <Filter>Server\Skills</Filter>
    </ClInclude>
    <ClInclude Include="TargetAcquiredPermissionToFire.h">
      <Filter>Server\Skills</Filter>
    </ClInclude>
    <ClInclude Include="TargetAcquiredPermissionToFireEffect.h">
      <Filter>Server\Skills\Effects</Filter>
    </ClInclude>
    <ClInclude Include="TimeIsMoney.h">
      <Filter>Server\Skills</Filter>
    </ClInclude>
    <ClInclude Include="StatisticsPlayer.h">
      <Filter>Client</Filter>
    </ClInclude>
    <ClInclude Include="Wall.h">
      <Filter>Server\Skills</Filter>
    </ClInclude>
    <ClInclude Include="WallEffect.h">
      <Filter>Server\Skills\Effects</Filter>
    </ClInclude>
    <ClInclude Include="WallClientSkillEffect.h">
      <Filter>Client\Skills</Filter>
    </ClInclude>
    <ClInclude Include="TargetAcquiredClientSkillEffect.h">
      <Filter>Client\Skills</Filter>
    </ClInclude>
    <ClInclude Include="ChurchPenetratedClientSkillEffect.h">
      <Filter>Client\Skills</Filter>
    </ClInclude>
    <ClInclude Include="NetworkAttributeUpdateMessage.h">
      <Filter>Network</Filter>
    </ClInclude>
    <ClInclude Include="SpeechManager.h">
      <Filter>Client\Audio</Filter>
    </ClInclude>
    <ClInclude Include="SoundWrapper.h">
      <Filter>Client\Audio</Filter>
    </ClInclude>
    <ClInclude Include="AmbientSoundsManager.h">
      <Filter>Client\Audio</Filter>
    </ClInclude>
    <ClInclude Include="TeleportClientSkillEffect.h">
      <Filter>Client\Skills</Filter>
    </ClInclude>
    <ClInclude Include="HealingFountain.h">
      <Filter>Server</Filter>
    </ClInclude>
    <ClInclude Include="FrostTurretBase.h">
      <Filter>Server\Turrets</Filter>
    </ClInclude>
    <ClInclude Include="NetworkEndGameMessage.h">
      <Filter>Network</Filter>
    </ClInclude>
    <ClInclude Include="NetworkWelcomeMessage.h">
      <Filter>Network</Filter>
    </ClInclude>
  </ItemGroup>
  <ItemGroup>
    <Filter Include="Server">
      <UniqueIdentifier>{1496b967-a5f9-4794-9515-cdde3ed40d4d}</UniqueIdentifier>
    </Filter>
    <Filter Include="Client">
      <UniqueIdentifier>{61c0d46d-5d00-4d4d-b30e-4bd51fa1498c}</UniqueIdentifier>
    </Filter>
    <Filter Include="Minimap">
      <UniqueIdentifier>{b08932c3-b369-445d-adc6-f32d86c4d95f}</UniqueIdentifier>
    </Filter>
    <Filter Include="Client\Skills">
      <UniqueIdentifier>{bcf62a0d-076f-457f-b377-2fd40d116510}</UniqueIdentifier>
    </Filter>
    <Filter Include="Network">
      <UniqueIdentifier>{f25e6485-cff5-47c1-8838-0782126752fa}</UniqueIdentifier>
    </Filter>
    <Filter Include="Client\Controls">
      <UniqueIdentifier>{7858784e-5d66-4547-9256-5e2ec0e84fda}</UniqueIdentifier>
    </Filter>
    <Filter Include="Server\Skills">
      <UniqueIdentifier>{f6ca3c67-71f1-4034-9b97-c4048c7d31ff}</UniqueIdentifier>
    </Filter>
    <Filter Include="Server\Skills\Effects">
      <UniqueIdentifier>{5ab2109f-83a8-46f4-9496-d42420f16270}</UniqueIdentifier>
    </Filter>
    <Filter Include="Client\Buttons">
      <UniqueIdentifier>{6407d00a-14e0-45d2-9bd5-d12346e7e2ae}</UniqueIdentifier>
    </Filter>
    <Filter Include="Server\Heroes">
      <UniqueIdentifier>{b472bc64-8dc9-4875-80a2-557d54abfa9e}</UniqueIdentifier>
    </Filter>
    <Filter Include="Server\Enemies">
      <UniqueIdentifier>{5845e709-0306-47d1-9940-40e192f45108}</UniqueIdentifier>
    </Filter>
    <Filter Include="Server\Quadtree">
      <UniqueIdentifier>{fa0e9017-8c0a-4efa-9c1a-c4978e74b3be}</UniqueIdentifier>
    </Filter>
    <Filter Include="Server\Turrets">
      <UniqueIdentifier>{0db08736-2a91-4a6d-845b-faa966d02fb3}</UniqueIdentifier>
    </Filter>
    <Filter Include="Server\Turrets\Effects">
      <UniqueIdentifier>{8ac81207-8312-449a-b74d-78565cecf9e6}</UniqueIdentifier>
    </Filter>
    <Filter Include="Server\Turrets\Tower Placer">
      <UniqueIdentifier>{7be7bea1-bd1e-460e-bca8-3cdc6c3dbe73}</UniqueIdentifier>
    </Filter>
    <Filter Include="Server\Turrets\Projectiles">
      <UniqueIdentifier>{ab0a6282-5db6-4445-ac41-c2d477c6298f}</UniqueIdentifier>
    </Filter>
    <Filter Include="Client\Audio">
      <UniqueIdentifier>{4f86fc7b-4a45-4276-808f-5c9ff04e83bf}</UniqueIdentifier>
    </Filter>
  </ItemGroup>
</Project>