<?xml version="1.0" encoding="utf-8"?>
<Project ToolsVersion="4.0" xmlns="http://schemas.microsoft.com/developer/msbuild/2003">
  <ItemGroup>
    <ClCompile Include="AttackEntityMessage.cpp">
      <Filter>Server</Filter>
    </ClCompile>
    <ClCompile Include="AttackMessage.cpp">
      <Filter>Server</Filter>
    </ClCompile>
    <ClCompile Include="CollisionHandler.cpp">
      <Filter>Server</Filter>
    </ClCompile>
    <ClCompile Include="EntityHandler.cpp">
      <Filter>Server</Filter>
    </ClCompile>
    <ClCompile Include="EntityMessage.cpp">
      <Filter>Server</Filter>
    </ClCompile>
    <ClCompile Include="Button.cpp">
      <Filter>Client</Filter>
    </ClCompile>
    <ClCompile Include="ClientHandler.cpp">
      <Filter>Client</Filter>
    </ClCompile>
    <ClCompile Include="CreateGameMenu.cpp">
      <Filter>Client</Filter>
    </ClCompile>
    <ClCompile Include="CreateGameState.cpp">
      <Filter>Client</Filter>
    </ClCompile>
    <ClCompile Include="CreditsMenu.cpp">
      <Filter>Client</Filter>
    </ClCompile>
    <ClCompile Include="Cursor.cpp">
      <Filter>Client</Filter>
    </ClCompile>
    <ClCompile Include="GameState.cpp">
      <Filter>Client</Filter>
    </ClCompile>
    <ClCompile Include="HudMenu.cpp">
      <Filter>Server</Filter>
    </ClCompile>
    <ClCompile Include="Skill_Buttons.cpp">
      <Filter>Client</Filter>
    </ClCompile>
    <ClCompile Include="JoinGameMenu.cpp">
      <Filter>Client</Filter>
    </ClCompile>
    <ClCompile Include="JoinGameState.cpp">
      <Filter>Client</Filter>
    </ClCompile>
    <ClCompile Include="Keyboard.cpp">
      <Filter>Client</Filter>
    </ClCompile>
    <ClCompile Include="LobbyMenu.cpp">
      <Filter>Client</Filter>
    </ClCompile>
    <ClCompile Include="LobbyState.cpp">
      <Filter>Client</Filter>
    </ClCompile>
    <ClCompile Include="LoreMenu.cpp">
      <Filter>Client</Filter>
    </ClCompile>
    <ClCompile Include="main.cpp">
      <Filter>Client</Filter>
    </ClCompile>
    <ClCompile Include="MainMenu.cpp">
      <Filter>Client</Filter>
    </ClCompile>
    <ClCompile Include="MainMenuState.cpp">
      <Filter>Client</Filter>
    </ClCompile>
    <ClCompile Include="Menu.cpp">
      <Filter>Client</Filter>
    </ClCompile>
    <ClCompile Include="ModelIdHolder.cpp">
      <Filter>Client</Filter>
    </ClCompile>
    <ClCompile Include="Mouse.cpp">
      <Filter>Client</Filter>
    </ClCompile>
    <ClCompile Include="ScoreMenu.cpp">
      <Filter>Client</Filter>
    </ClCompile>
    <ClCompile Include="SettingsMenu.cpp">
      <Filter>Client</Filter>
    </ClCompile>
    <ClCompile Include="SoundWrapper.cpp">
      <Filter>Client</Filter>
    </ClCompile>
    <ClCompile Include="State.cpp">
      <Filter>Client</Filter>
    </ClCompile>
    <ClCompile Include="TextInput.cpp">
      <Filter>Client</Filter>
    </ClCompile>
    <ClCompile Include="ServerEntity.cpp">
      <Filter>Server</Filter>
    </ClCompile>
    <ClCompile Include="ServerThread.cpp">
      <Filter>Server</Filter>
    </ClCompile>
    <ClCompile Include="Server.cpp">
      <Filter>Server</Filter>
    </ClCompile>
    <ClCompile Include="RemoveEntityMessage.cpp">
      <Filter>Server</Filter>
    </ClCompile>
    <ClCompile Include="Msg.cpp">
      <Filter>Server</Filter>
    </ClCompile>
    <ClCompile Include="MeleeAttack.cpp">
      <Filter>Server</Filter>
    </ClCompile>
    <ClCompile Include="MessageHandler.cpp">
      <Filter>Server</Filter>
    </ClCompile>
    <ClCompile Include="MessageQueue.cpp">
      <Filter>Server</Filter>
    </ClCompile>
    <ClCompile Include="Client.cpp">
      <Filter>Client</Filter>
    </ClCompile>
    <ClCompile Include="Minimap.cpp">
      <Filter>Minimap</Filter>
    </ClCompile>
    <ClCompile Include="TextLabel.cpp">
      <Filter>Client</Filter>
    </ClCompile>
    <ClCompile Include="Skill.cpp">
      <Filter>Server\Skills</Filter>
    </ClCompile>
    <ClCompile Include="ChainStrike.cpp">
      <Filter>Server\Skills</Filter>
    </ClCompile>
    <ClCompile Include="Player.cpp">
      <Filter>Server</Filter>
    </ClCompile>
    <ClCompile Include="MapHandler.cpp">
      <Filter>Server</Filter>
    </ClCompile>
    <ClCompile Include="Projectile.cpp">
      <Filter>Server</Filter>
    </ClCompile>
    <ClCompile Include="Tower.cpp">
      <Filter>Server</Filter>
    </ClCompile>
    <ClCompile Include="Hero.cpp">
      <Filter>Server</Filter>
    </ClCompile>
    <ClCompile Include="Enemy.cpp">
      <Filter>Server</Filter>
    </ClCompile>
    <ClCompile Include="ChainStrikeEffect.cpp">
      <Filter>Server\Skills</Filter>
    </ClCompile>
    <ClCompile Include="UseSkillMessage.cpp">
      <Filter>Server\Skills</Filter>
    </ClCompile>
  </ItemGroup>
  <ItemGroup>
    <ClInclude Include="AttackMessage.h">
      <Filter>Server</Filter>
    </ClInclude>
    <ClInclude Include="AttackEntityMessage.h">
      <Filter>Server</Filter>
    </ClInclude>
    <ClInclude Include="CollisionHandler.h">
      <Filter>Server</Filter>
    </ClInclude>
    <ClInclude Include="Entity.h">
      <Filter>Server</Filter>
    </ClInclude>
    <ClInclude Include="EntityHandler.h">
      <Filter>Server</Filter>
    </ClInclude>
    <ClInclude Include="EntityMessage.h">
      <Filter>Server</Filter>
    </ClInclude>
    <ClInclude Include="ClientHandler.h">
      <Filter>Client</Filter>
    </ClInclude>
    <ClInclude Include="Button.h">
      <Filter>Client</Filter>
    </ClInclude>
    <ClInclude Include="CreateGameMenu.h">
      <Filter>Client</Filter>
    </ClInclude>
    <ClInclude Include="CreateGameState.h">
      <Filter>Client</Filter>
    </ClInclude>
    <ClInclude Include="CreditsMenu.h">
      <Filter>Client</Filter>
    </ClInclude>
    <ClInclude Include="Cursor.h">
      <Filter>Client</Filter>
    </ClInclude>
    <ClInclude Include="GameState.h">
      <Filter>Client</Filter>
    </ClInclude>
    <ClInclude Include="Graphics.h">
      <Filter>Client</Filter>
    </ClInclude>
    <ClInclude Include="HudMenu.h">
      <Filter>Client</Filter>
    </ClInclude>
    <ClInclude Include="Input.h">
      <Filter>Client</Filter>
    </ClInclude>
    <ClInclude Include="JoinGameMenu.h">
      <Filter>Client</Filter>
    </ClInclude>
    <ClInclude Include="JoinGameState.h">
      <Filter>Client</Filter>
    </ClInclude>
    <ClInclude Include="Keyboard.h">
      <Filter>Client</Filter>
    </ClInclude>
    <ClInclude Include="LobbyMenu.h">
      <Filter>Client</Filter>
    </ClInclude>
    <ClInclude Include="LobbyState.h">
      <Filter>Client</Filter>
    </ClInclude>
    <ClInclude Include="LoreMenu.h">
      <Filter>Client</Filter>
    </ClInclude>
    <ClInclude Include="MainMenu.h">
      <Filter>Client</Filter>
    </ClInclude>
    <ClInclude Include="MainMenuState.h">
      <Filter>Client</Filter>
    </ClInclude>
    <ClInclude Include="Menu.h">
      <Filter>Client</Filter>
    </ClInclude>
    <ClInclude Include="ModelIdHolder.h">
      <Filter>Client</Filter>
    </ClInclude>
    <ClInclude Include="Mouse.h">
      <Filter>Client</Filter>
    </ClInclude>
    <ClInclude Include="ScoreMenu.h">
      <Filter>Client</Filter>
    </ClInclude>
    <ClInclude Include="SettingsMenu.h">
      <Filter>Client</Filter>
    </ClInclude>
    <ClInclude Include="SoundWrapper.h">
      <Filter>Client</Filter>
    </ClInclude>
    <ClInclude Include="State.h">
      <Filter>Client</Filter>
    </ClInclude>
    <ClInclude Include="TextInput.h">
      <Filter>Client</Filter>
    </ClInclude>
    <ClInclude Include="ServerThread.h">
      <Filter>Server</Filter>
    </ClInclude>
    <ClInclude Include="ServerEntity.h">
      <Filter>Server</Filter>
    </ClInclude>
    <ClInclude Include="Server.h">
      <Filter>Server</Filter>
    </ClInclude>
    <ClInclude Include="RemoveEntityMessage.h">
      <Filter>Server</Filter>
    </ClInclude>
    <ClInclude Include="Msg.h">
      <Filter>Server</Filter>
    </ClInclude>
    <ClInclude Include="MeleeAttack.h">
      <Filter>Server</Filter>
    </ClInclude>
    <ClInclude Include="MessageQueue.h">
      <Filter>Server</Filter>
    </ClInclude>
    <ClInclude Include="MessageHandler.h">
      <Filter>Server</Filter>
    </ClInclude>
    <ClInclude Include="Message.h">
      <Filter>Server</Filter>
    </ClInclude>
    <ClInclude Include="Client.h">
      <Filter>Client</Filter>
    </ClInclude>
    <ClInclude Include="Minimap.h">
      <Filter>Minimap</Filter>
    </ClInclude>
    <ClInclude Include="TextLabel.h">
      <Filter>Client</Filter>
    </ClInclude>
    <ClInclude Include="Skill.h">
      <Filter>Server\Skills</Filter>
    </ClInclude>
    <ClInclude Include="ChainStrike.h">
      <Filter>Server\Skills</Filter>
    </ClInclude>
    <ClInclude Include="Player.h">
      <Filter>Server</Filter>
    </ClInclude>
    <ClInclude Include="MapHandler.h">
      <Filter>Server</Filter>
    </ClInclude>
    <ClInclude Include="Projectile.h">
      <Filter>Server</Filter>
    </ClInclude>
    <ClInclude Include="Tower.h">
      <Filter>Server</Filter>
    </ClInclude>
    <ClInclude Include="Hero.h">
      <Filter>Server</Filter>
    </ClInclude>
    <ClInclude Include="Enemy.h">
      <Filter>Server</Filter>
    </ClInclude>
    <ClInclude Include="ChainStrikeEffect.h">
      <Filter>Server\Skills</Filter>
    </ClInclude>
    <ClInclude Include="UseSkillMessage.h">
      <Filter>Server\Skills</Filter>
    </ClInclude>
    <ClInclude Include="Skill_Buttons.h">
      <Filter>Client</Filter>
    </ClInclude>
  </ItemGroup>
  <ItemGroup>
    <Filter Include="Server">
      <UniqueIdentifier>{1496b967-a5f9-4794-9515-cdde3ed40d4d}</UniqueIdentifier>
    </Filter>
    <Filter Include="Client">
      <UniqueIdentifier>{61c0d46d-5d00-4d4d-b30e-4bd51fa1498c}</UniqueIdentifier>
    </Filter>
    <Filter Include="Minimap">
      <UniqueIdentifier>{b08932c3-b369-445d-adc6-f32d86c4d95f}</UniqueIdentifier>
    </Filter>
    <Filter Include="Server\Skills">
      <UniqueIdentifier>{f6ca3c67-71f1-4034-9b97-c4048c7d31ff}</UniqueIdentifier>
    </Filter>
  </ItemGroup>
</Project>